# THIS IS AN AUTOGENERATED FILE. DO NOT EDIT THIS FILE DIRECTLY.
# yarn lockfile v1


"@erquhart/renovate-test-dummy@^1.0.1":
  version "1.0.1"
  resolved "https://registry.yarnpkg.com/@erquhart/renovate-test-dummy/-/renovate-test-dummy-1.0.1.tgz#f927a23d152a653e44286d532f9d36f7da3ce392"
  integrity sha512-GZ53t2IAgrucpLTH9MTjbBxO51bYdmUu4Icok/2I+C6UAQIQ4P3hPHchZQmEJdt+s5dhM2AMSZIh49j0+Iz52g==
